// !$*UTF8*$!
{
	archiveVersion = 1;
	classes = {
	};
	objectVersion = 50;
	objects = {

/* Begin PBXBuildFile section */
		156C50BA272D1BD60084CF5F /* CreditsViewController.swift in Sources */ = {isa = PBXBuildFile; fileRef = 156C50B9272D1BD60084CF5F /* CreditsViewController.swift */; };
		1579FCD72709048C00A3DEE2 /* AppDelegate.swift in Sources */ = {isa = PBXBuildFile; fileRef = 1579FCD62709048C00A3DEE2 /* AppDelegate.swift */; };
		1579FCD92709048C00A3DEE2 /* SceneDelegate.swift in Sources */ = {isa = PBXBuildFile; fileRef = 1579FCD82709048C00A3DEE2 /* SceneDelegate.swift */; };
		1579FCDB2709048C00A3DEE2 /* ViewController.swift in Sources */ = {isa = PBXBuildFile; fileRef = 1579FCDA2709048C00A3DEE2 /* ViewController.swift */; };
		1579FCDE2709048C00A3DEE2 /* Main.storyboard in Resources */ = {isa = PBXBuildFile; fileRef = 1579FCDC2709048C00A3DEE2 /* Main.storyboard */; };
		1579FCE02709048D00A3DEE2 /* Assets.xcassets in Resources */ = {isa = PBXBuildFile; fileRef = 1579FCDF2709048D00A3DEE2 /* Assets.xcassets */; };
		1579FCE32709048D00A3DEE2 /* LaunchScreen.storyboard in Resources */ = {isa = PBXBuildFile; fileRef = 1579FCE12709048D00A3DEE2 /* LaunchScreen.storyboard */; };
		1579FCEB27090EDB00A3DEE2 /* WhyVoteViewController.swift in Sources */ = {isa = PBXBuildFile; fileRef = 1579FCEA27090EDB00A3DEE2 /* WhyVoteViewController.swift */; };
		1579FCED27090EE900A3DEE2 /* EngagementViewController.swift in Sources */ = {isa = PBXBuildFile; fileRef = 1579FCEC27090EE900A3DEE2 /* EngagementViewController.swift */; };
		15B5F4D82733A95600D6E9DA /* Settings.bundle in Resources */ = {isa = PBXBuildFile; fileRef = 15B5F4D72733A95600D6E9DA /* Settings.bundle */; };
		15C8AB56272687C5000E9BB6 /* RepresentativeViewController.swift in Sources */ = {isa = PBXBuildFile; fileRef = 15C8AB55272687C5000E9BB6 /* RepresentativeViewController.swift */; };
		15E022002728675C00604761 /* RegisterViewController.swift in Sources */ = {isa = PBXBuildFile; fileRef = 15E021FF2728675C00604761 /* RegisterViewController.swift */; };
/* End PBXBuildFile section */

/* Begin PBXFileReference section */
		156C50B9272D1BD60084CF5F /* CreditsViewController.swift */ = {isa = PBXFileReference; lastKnownFileType = sourcecode.swift; path = CreditsViewController.swift; sourceTree = "<group>"; };
		1579FCD32709048C00A3DEE2 /* Congressional App.app */ = {isa = PBXFileReference; explicitFileType = wrapper.application; includeInIndex = 0; path = "Congressional App.app"; sourceTree = BUILT_PRODUCTS_DIR; };
		1579FCD62709048C00A3DEE2 /* AppDelegate.swift */ = {isa = PBXFileReference; lastKnownFileType = sourcecode.swift; path = AppDelegate.swift; sourceTree = "<group>"; };
		1579FCD82709048C00A3DEE2 /* SceneDelegate.swift */ = {isa = PBXFileReference; lastKnownFileType = sourcecode.swift; path = SceneDelegate.swift; sourceTree = "<group>"; };
		1579FCDA2709048C00A3DEE2 /* ViewController.swift */ = {isa = PBXFileReference; lastKnownFileType = sourcecode.swift; path = ViewController.swift; sourceTree = "<group>"; };
		1579FCDD2709048C00A3DEE2 /* Base */ = {isa = PBXFileReference; lastKnownFileType = file.storyboard; name = Base; path = Base.lproj/Main.storyboard; sourceTree = "<group>"; };
		1579FCDF2709048D00A3DEE2 /* Assets.xcassets */ = {isa = PBXFileReference; lastKnownFileType = folder.assetcatalog; path = Assets.xcassets; sourceTree = "<group>"; };
		1579FCE22709048D00A3DEE2 /* Base */ = {isa = PBXFileReference; lastKnownFileType = file.storyboard; name = Base; path = Base.lproj/LaunchScreen.storyboard; sourceTree = "<group>"; };
		1579FCE42709048D00A3DEE2 /* Info.plist */ = {isa = PBXFileReference; lastKnownFileType = text.plist.xml; path = Info.plist; sourceTree = "<group>"; };
		1579FCEA27090EDB00A3DEE2 /* WhyVoteViewController.swift */ = {isa = PBXFileReference; lastKnownFileType = sourcecode.swift; path = WhyVoteViewController.swift; sourceTree = "<group>"; };
		1579FCEC27090EE900A3DEE2 /* EngagementViewController.swift */ = {isa = PBXFileReference; lastKnownFileType = sourcecode.swift; path = EngagementViewController.swift; sourceTree = "<group>"; };
		15B5F4D72733A95600D6E9DA /* Settings.bundle */ = {isa = PBXFileReference; lastKnownFileType = "wrapper.plug-in"; path = Settings.bundle; sourceTree = "<group>"; };
		15C8AB55272687C5000E9BB6 /* RepresentativeViewController.swift */ = {isa = PBXFileReference; lastKnownFileType = sourcecode.swift; path = RepresentativeViewController.swift; sourceTree = "<group>"; };
		15E021FF2728675C00604761 /* RegisterViewController.swift */ = {isa = PBXFileReference; lastKnownFileType = sourcecode.swift; path = RegisterViewController.swift; sourceTree = "<group>"; };
/* End PBXFileReference section */

/* Begin PBXFrameworksBuildPhase section */
		1579FCD02709048C00A3DEE2 /* Frameworks */ = {
			isa = PBXFrameworksBuildPhase;
			buildActionMask = 2147483647;
			files = (
			);
			runOnlyForDeploymentPostprocessing = 0;
		};
/* End PBXFrameworksBuildPhase section */

/* Begin PBXGroup section */
		1579FCCA2709048C00A3DEE2 = {
			isa = PBXGroup;
			children = (
				1579FCD52709048C00A3DEE2 /* Congressional App */,
				1579FCD42709048C00A3DEE2 /* Products */,
			);
			sourceTree = "<group>";
		};
		1579FCD42709048C00A3DEE2 /* Products */ = {
			isa = PBXGroup;
			children = (
				1579FCD32709048C00A3DEE2 /* Congressional App.app */,
			);
			name = Products;
			sourceTree = "<group>";
		};
		1579FCD52709048C00A3DEE2 /* Congressional App */ = {
			isa = PBXGroup;
			children = (
				1579FCD62709048C00A3DEE2 /* AppDelegate.swift */,
				1579FCD82709048C00A3DEE2 /* SceneDelegate.swift */,
				1579FCDA2709048C00A3DEE2 /* ViewController.swift */,
				1579FCDC2709048C00A3DEE2 /* Main.storyboard */,
				1579FCEA27090EDB00A3DEE2 /* WhyVoteViewController.swift */,
				15E021FF2728675C00604761 /* RegisterViewController.swift */,
				1579FCEC27090EE900A3DEE2 /* EngagementViewController.swift */,
				15C8AB55272687C5000E9BB6 /* RepresentativeViewController.swift */,
				156C50B9272D1BD60084CF5F /* CreditsViewController.swift */,
				1579FCDF2709048D00A3DEE2 /* Assets.xcassets */,
				1579FCE12709048D00A3DEE2 /* LaunchScreen.storyboard */,
				15B5F4D72733A95600D6E9DA /* Settings.bundle */,
				1579FCE42709048D00A3DEE2 /* Info.plist */,
			);
			path = "Congressional App";
			sourceTree = "<group>";
		};
/* End PBXGroup section */

/* Begin PBXNativeTarget section */
		1579FCD22709048C00A3DEE2 /* Congressional App */ = {
			isa = PBXNativeTarget;
			buildConfigurationList = 1579FCE72709048D00A3DEE2 /* Build configuration list for PBXNativeTarget "Congressional App" */;
			buildPhases = (
				1579FCCF2709048C00A3DEE2 /* Sources */,
				1579FCD02709048C00A3DEE2 /* Frameworks */,
				1579FCD12709048C00A3DEE2 /* Resources */,
			);
			buildRules = (
			);
			dependencies = (
			);
			name = "Congressional App";
			productName = "Congressional App";
			productReference = 1579FCD32709048C00A3DEE2 /* Congressional App.app */;
			productType = "com.apple.product-type.application";
		};
/* End PBXNativeTarget section */

/* Begin PBXProject section */
		1579FCCB2709048C00A3DEE2 /* Project object */ = {
			isa = PBXProject;
			attributes = {
				LastSwiftUpdateCheck = 1250;
				LastUpgradeCheck = 1250;
				TargetAttributes = {
					1579FCD22709048C00A3DEE2 = {
						CreatedOnToolsVersion = 12.5.1;
					};
				};
			};
			buildConfigurationList = 1579FCCE2709048C00A3DEE2 /* Build configuration list for PBXProject "Congressional App" */;
			compatibilityVersion = "Xcode 9.3";
			developmentRegion = en;
			hasScannedForEncodings = 0;
			knownRegions = (
				en,
				Base,
			);
			mainGroup = 1579FCCA2709048C00A3DEE2;
			productRefGroup = 1579FCD42709048C00A3DEE2 /* Products */;
			projectDirPath = "";
			projectRoot = "";
			targets = (
				1579FCD22709048C00A3DEE2 /* Congressional App */,
			);
		};
/* End PBXProject section */

/* Begin PBXResourcesBuildPhase section */
		1579FCD12709048C00A3DEE2 /* Resources */ = {
			isa = PBXResourcesBuildPhase;
			buildActionMask = 2147483647;
			files = (
				15B5F4D82733A95600D6E9DA /* Settings.bundle in Resources */,
				1579FCE32709048D00A3DEE2 /* LaunchScreen.storyboard in Resources */,
				1579FCE02709048D00A3DEE2 /* Assets.xcassets in Resources */,
				1579FCDE2709048C00A3DEE2 /* Main.storyboard in Resources */,
			);
			runOnlyForDeploymentPostprocessing = 0;
		};
/* End PBXResourcesBuildPhase section */

/* Begin PBXSourcesBuildPhase section */
		1579FCCF2709048C00A3DEE2 /* Sources */ = {
			isa = PBXSourcesBuildPhase;
			buildActionMask = 2147483647;
			files = (
				15C8AB56272687C5000E9BB6 /* RepresentativeViewController.swift in Sources */,
				1579FCDB2709048C00A3DEE2 /* ViewController.swift in Sources */,
				1579FCD72709048C00A3DEE2 /* AppDelegate.swift in Sources */,
				15E022002728675C00604761 /* RegisterViewController.swift in Sources */,
				1579FCED27090EE900A3DEE2 /* EngagementViewController.swift in Sources */,
				1579FCD92709048C00A3DEE2 /* SceneDelegate.swift in Sources */,
				1579FCEB27090EDB00A3DEE2 /* WhyVoteViewController.swift in Sources */,
				156C50BA272D1BD60084CF5F /* CreditsViewController.swift in Sources */,
			);
			runOnlyForDeploymentPostprocessing = 0;
		};
/* End PBXSourcesBuildPhase section */

/* Begin PBXVariantGroup section */
		1579FCDC2709048C00A3DEE2 /* Main.storyboard */ = {
			isa = PBXVariantGroup;
			children = (
				1579FCDD2709048C00A3DEE2 /* Base */,
			);
			name = Main.storyboard;
			sourceTree = "<group>";
		};
		1579FCE12709048D00A3DEE2 /* LaunchScreen.storyboard */ = {
			isa = PBXVariantGroup;
			children = (
				1579FCE22709048D00A3DEE2 /* Base */,
			);
			name = LaunchScreen.storyboard;
			sourceTree = "<group>";
		};
/* End PBXVariantGroup section */

/* Begin XCBuildConfiguration section */
		1579FCE52709048D00A3DEE2 /* Debug */ = {
			isa = XCBuildConfiguration;
			buildSettings = {
				ALWAYS_SEARCH_USER_PATHS = NO;
				CLANG_ANALYZER_NONNULL = YES;
				CLANG_ANALYZER_NUMBER_OBJECT_CONVERSION = YES_AGGRESSIVE;
				CLANG_CXX_LANGUAGE_STANDARD = "gnu++14";
				CLANG_CXX_LIBRARY = "libc++";
				CLANG_ENABLE_MODULES = YES;
				CLANG_ENABLE_OBJC_ARC = YES;
				CLANG_ENABLE_OBJC_WEAK = YES;
				CLANG_WARN_BLOCK_CAPTURE_AUTORELEASING = YES;
				CLANG_WARN_BOOL_CONVERSION = YES;
				CLANG_WARN_COMMA = YES;
				CLANG_WARN_CONSTANT_CONVERSION = YES;
				CLANG_WARN_DEPRECATED_OBJC_IMPLEMENTATIONS = YES;
				CLANG_WARN_DIRECT_OBJC_ISA_USAGE = YES_ERROR;
				CLANG_WARN_DOCUMENTATION_COMMENTS = YES;
				CLANG_WARN_EMPTY_BODY = YES;
				CLANG_WARN_ENUM_CONVERSION = YES;
				CLANG_WARN_INFINITE_RECURSION = YES;
				CLANG_WARN_INT_CONVERSION = YES;
				CLANG_WARN_NON_LITERAL_NULL_CONVERSION = YES;
				CLANG_WARN_OBJC_IMPLICIT_RETAIN_SELF = YES;
				CLANG_WARN_OBJC_LITERAL_CONVERSION = YES;
				CLANG_WARN_OBJC_ROOT_CLASS = YES_ERROR;
				CLANG_WARN_QUOTED_INCLUDE_IN_FRAMEWORK_HEADER = YES;
				CLANG_WARN_RANGE_LOOP_ANALYSIS = YES;
				CLANG_WARN_STRICT_PROTOTYPES = YES;
				CLANG_WARN_SUSPICIOUS_MOVE = YES;
				CLANG_WARN_UNGUARDED_AVAILABILITY = YES_AGGRESSIVE;
				CLANG_WARN_UNREACHABLE_CODE = YES;
				CLANG_WARN__DUPLICATE_METHOD_MATCH = YES;
				COPY_PHASE_STRIP = NO;
				DEBUG_INFORMATION_FORMAT = dwarf;
				ENABLE_STRICT_OBJC_MSGSEND = YES;
				ENABLE_TESTABILITY = YES;
				GCC_C_LANGUAGE_STANDARD = gnu11;
				GCC_DYNAMIC_NO_PIC = NO;
				GCC_NO_COMMON_BLOCKS = YES;
				GCC_OPTIMIZATION_LEVEL = 0;
				GCC_PREPROCESSOR_DEFINITIONS = (
					"DEBUG=1",
					"$(inherited)",
				);
				GCC_WARN_64_TO_32_BIT_CONVERSION = YES;
				GCC_WARN_ABOUT_RETURN_TYPE = YES_ERROR;
				GCC_WARN_UNDECLARED_SELECTOR = YES;
				GCC_WARN_UNINITIALIZED_AUTOS = YES_AGGRESSIVE;
				GCC_WARN_UNUSED_FUNCTION = YES;
				GCC_WARN_UNUSED_VARIABLE = YES;
				IPHONEOS_DEPLOYMENT_TARGET = 14.5;
				MTL_ENABLE_DEBUG_INFO = INCLUDE_SOURCE;
				MTL_FAST_MATH = YES;
				ONLY_ACTIVE_ARCH = YES;
				SDKROOT = iphoneos;
				SWIFT_ACTIVE_COMPILATION_CONDITIONS = DEBUG;
				SWIFT_OPTIMIZATION_LEVEL = "-Onone";
			};
			name = Debug;
		};
		1579FCE62709048D00A3DEE2 /* Release */ = {
			isa = XCBuildConfiguration;
			buildSettings = {
				ALWAYS_SEARCH_USER_PATHS = NO;
				CLANG_ANALYZER_NONNULL = YES;
				CLANG_ANALYZER_NUMBER_OBJECT_CONVERSION = YES_AGGRESSIVE;
				CLANG_CXX_LANGUAGE_STANDARD = "gnu++14";
				CLANG_CXX_LIBRARY = "libc++";
				CLANG_ENABLE_MODULES = YES;
				CLANG_ENABLE_OBJC_ARC = YES;
				CLANG_ENABLE_OBJC_WEAK = YES;
				CLANG_WARN_BLOCK_CAPTURE_AUTORELEASING = YES;
				CLANG_WARN_BOOL_CONVERSION = YES;
				CLANG_WARN_COMMA = YES;
				CLANG_WARN_CONSTANT_CONVERSION = YES;
				CLANG_WARN_DEPRECATED_OBJC_IMPLEMENTATIONS = YES;
				CLANG_WARN_DIRECT_OBJC_ISA_USAGE = YES_ERROR;
				CLANG_WARN_DOCUMENTATION_COMMENTS = YES;
				CLANG_WARN_EMPTY_BODY = YES;
				CLANG_WARN_ENUM_CONVERSION = YES;
				CLANG_WARN_INFINITE_RECURSION = YES;
				CLANG_WARN_INT_CONVERSION = YES;
				CLANG_WARN_NON_LITERAL_NULL_CONVERSION = YES;
				CLANG_WARN_OBJC_IMPLICIT_RETAIN_SELF = YES;
				CLANG_WARN_OBJC_LITERAL_CONVERSION = YES;
				CLANG_WARN_OBJC_ROOT_CLASS = YES_ERROR;
				CLANG_WARN_QUOTED_INCLUDE_IN_FRAMEWORK_HEADER = YES;
				CLANG_WARN_RANGE_LOOP_ANALYSIS = YES;
				CLANG_WARN_STRICT_PROTOTYPES = YES;
				CLANG_WARN_SUSPICIOUS_MOVE = YES;
				CLANG_WARN_UNGUARDED_AVAILABILITY = YES_AGGRESSIVE;
				CLANG_WARN_UNREACHABLE_CODE = YES;
				CLANG_WARN__DUPLICATE_METHOD_MATCH = YES;
				COPY_PHASE_STRIP = NO;
				DEBUG_INFORMATION_FORMAT = "dwarf-with-dsym";
				ENABLE_NS_ASSERTIONS = NO;
				ENABLE_STRICT_OBJC_MSGSEND = YES;
				GCC_C_LANGUAGE_STANDARD = gnu11;
				GCC_NO_COMMON_BLOCKS = YES;
				GCC_WARN_64_TO_32_BIT_CONVERSION = YES;
				GCC_WARN_ABOUT_RETURN_TYPE = YES_ERROR;
				GCC_WARN_UNDECLARED_SELECTOR = YES;
				GCC_WARN_UNINITIALIZED_AUTOS = YES_AGGRESSIVE;
				GCC_WARN_UNUSED_FUNCTION = YES;
				GCC_WARN_UNUSED_VARIABLE = YES;
				IPHONEOS_DEPLOYMENT_TARGET = 14.5;
				MTL_ENABLE_DEBUG_INFO = NO;
				MTL_FAST_MATH = YES;
				SDKROOT = iphoneos;
				SWIFT_COMPILATION_MODE = wholemodule;
				SWIFT_OPTIMIZATION_LEVEL = "-O";
				VALIDATE_PRODUCT = YES;
			};
			name = Release;
		};
		1579FCE82709048D00A3DEE2 /* Debug */ = {
			isa = XCBuildConfiguration;
			buildSettings = {
				ASSETCATALOG_COMPILER_APPICON_NAME = AppIcon;
				ASSETCATALOG_COMPILER_GLOBAL_ACCENT_COLOR_NAME = AccentColor;
				CODE_SIGN_STYLE = Automatic;
				CURRENT_PROJECT_VERSION = 5;
				DEVELOPMENT_TEAM = MFC92XDN7D;
				INFOPLIST_FILE = "Congressional App/Info.plist";
				IPHONEOS_DEPLOYMENT_TARGET = 14.1;
				LD_RUNPATH_SEARCH_PATHS = (
					"$(inherited)",
					"@executable_path/Frameworks",
				);
				MARKETING_VERSION = 1.5;
				PRODUCT_BUNDLE_IDENTIFIER = Samantha.YouthVoter;
				PRODUCT_NAME = "$(TARGET_NAME)";
				SWIFT_VERSION = 5.0;
				TARGETED_DEVICE_FAMILY = 1;
			};
			name = Debug;
		};
		1579FCE92709048D00A3DEE2 /* Release */ = {
			isa = XCBuildConfiguration;
			buildSettings = {
				ASSETCATALOG_COMPILER_APPICON_NAME = AppIcon;
				ASSETCATALOG_COMPILER_GLOBAL_ACCENT_COLOR_NAME = AccentColor;
				CODE_SIGN_STYLE = Automatic;
				CURRENT_PROJECT_VERSION = 5;
				DEVELOPMENT_TEAM = MFC92XDN7D;
				INFOPLIST_FILE = "Congressional App/Info.plist";
				IPHONEOS_DEPLOYMENT_TARGET = 14.1;
				LD_RUNPATH_SEARCH_PATHS = (
					"$(inherited)",
					"@executable_path/Frameworks",
				);
				MARKETING_VERSION = 1.5;
				PRODUCT_BUNDLE_IDENTIFIER = Samantha.YouthVoter;
				PRODUCT_NAME = "$(TARGET_NAME)";
				SWIFT_VERSION = 5.0;
				TARGETED_DEVICE_FAMILY = 1;
			};
			name = Release;
		};
/* End XCBuildConfiguration section */

/* Begin XCConfigurationList section */
		1579FCCE2709048C00A3DEE2 /* Build configuration list for PBXProject "Congressional App" */ = {
			isa = XCConfigurationList;
			buildConfigurations = (
				1579FCE52709048D00A3DEE2 /* Debug */,
				1579FCE62709048D00A3DEE2 /* Release */,
			);
			defaultConfigurationIsVisible = 0;
			defaultConfigurationName = Release;
		};
		1579FCE72709048D00A3DEE2 /* Build configuration list for PBXNativeTarget "Congressional App" */ = {
			isa = XCConfigurationList;
			buildConfigurations = (
				1579FCE82709048D00A3DEE2 /* Debug */,
				1579FCE92709048D00A3DEE2 /* Release */,
			);
			defaultConfigurationIsVisible = 0;
			defaultConfigurationName = Release;
		};
/* End XCConfigurationList section */
	};
	rootObject = 1579FCCB2709048C00A3DEE2 /* Project object */;
}
